{
  "name": "data-generator",
  "version": "1.0.0",
  "lockfileVersion": 2,
  "requires": true,
  "packages": {
    "": {
      "name": "data-generator",
      "version": "1.0.0",
      "license": "ISC",
      "dependencies": {
        "faker": "^5.5.3",
        "json-2-csv": "^3.14.1"
      },
      "devDependencies": {
        "ng-faker": "^1.3.1"
      }
    },
    "node_modules/deeks": {
      "version": "2.4.1",
      "resolved": "https://registry.npmjs.org/deeks/-/deeks-2.4.1.tgz",
      "integrity": "sha512-18Zd9f6dqyAFDoPttDdD8w5u7xy9M1IoxhpSsaatFwI4O+wZyUK+rDtwul4s6iYSfUfZBXPfUbxZrKHDqpEQYA==",
      "engines": {
        "node": ">= 12"
      }
    },
    "node_modules/doc-path": {
      "version": "3.0.1",
      "resolved": "https://registry.npmjs.org/doc-path/-/doc-path-3.0.1.tgz",
      "integrity": "sha512-Z7yrgf71bNXFK7dHqanaJO6QOkDsIemcxQqEyhIVY/Jfcwm8mMmCHV/w7UZyr9NzTFFbo698TFiLc5exfHNvog==",
      "engines": {
        "node": ">=12"
      }
    },
    "node_modules/faker": {
      "version": "5.5.3",
      "resolved": "https://registry.npmjs.org/faker/-/faker-5.5.3.tgz",
      "integrity": "sha512-wLTv2a28wjUyWkbnX7u/ABZBkUkIF2fCd73V6P2oFqEGEktDfzWx4UxrSqtPRw0xPRAcjeAOIiJWqZm3pP4u3g=="
    },
    "node_modules/json-2-csv": {
      "version": "3.14.1",
      "resolved": "https://registry.npmjs.org/json-2-csv/-/json-2-csv-3.14.1.tgz",
      "integrity": "sha512-Nx84ZyolEOVoft43ztfzmC7fETUo/+6dDlKTLZXPd+hVYHP1YTeE/K6Axx4ipofwywpR6iwMLtKQ9EZwBYWD+A==",
      "dependencies": {
        "deeks": "2.4.1",
        "doc-path": "3.0.1"
      },
      "engines": {
        "node": ">= 12"
      }
    },
    "node_modules/ng-faker": {
      "version": "1.3.1",
      "resolved": "https://registry.npmjs.org/ng-faker/-/ng-faker-1.3.1.tgz",
      "integrity": "sha512-pAYvbKMhW9z31WqAUqtrWGp4Gd3vw7Q19txCoyiJJpWivi2J3qM1k9qfQhzDQYMOp6juSj/txPct9KG/s4ILPQ==",
      "dev": true
    }
  },
  "dependencies": {
    "deeks": {
      "version": "2.4.1",
      "resolved": "https://registry.npmjs.org/deeks/-/deeks-2.4.1.tgz",
      "integrity": "sha512-18Zd9f6dqyAFDoPttDdD8w5u7xy9M1IoxhpSsaatFwI4O+wZyUK+rDtwul4s6iYSfUfZBXPfUbxZrKHDqpEQYA=="
    },
    "doc-path": {
      "version": "3.0.1",
      "resolved": "https://registry.npmjs.org/doc-path/-/doc-path-3.0.1.tgz",
      "integrity": "sha512-Z7yrgf71bNXFK7dHqanaJO6QOkDsIemcxQqEyhIVY/Jfcwm8mMmCHV/w7UZyr9NzTFFbo698TFiLc5exfHNvog=="
    },
    "faker": {
      "version": "5.5.3",
      "resolved": "https://registry.npmjs.org/faker/-/faker-5.5.3.tgz",
      "integrity": "sha512-wLTv2a28wjUyWkbnX7u/ABZBkUkIF2fCd73V6P2oFqEGEktDfzWx4UxrSqtPRw0xPRAcjeAOIiJWqZm3pP4u3g=="
    },
    "json-2-csv": {
      "version": "3.14.1",
      "resolved": "https://registry.npmjs.org/json-2-csv/-/json-2-csv-3.14.1.tgz",
      "integrity": "sha512-Nx84ZyolEOVoft43ztfzmC7fETUo/+6dDlKTLZXPd+hVYHP1YTeE/K6Axx4ipofwywpR6iwMLtKQ9EZwBYWD+A==",
      "requires": {
        "deeks": "2.4.1",
        "doc-path": "3.0.1"
      }
    },
    "ng-faker": {
      "version": "1.3.1",
      "resolved": "https://registry.npmjs.org/ng-faker/-/ng-faker-1.3.1.tgz",
      "integrity": "sha512-pAYvbKMhW9z31WqAUqtrWGp4Gd3vw7Q19txCoyiJJpWivi2J3qM1k9qfQhzDQYMOp6juSj/txPct9KG/s4ILPQ==",
      "dev": true
    }
  }
}
